
Microsoft Visual Studio Solution File, Format Version 12.00
# Visual Studio 15
VisualStudioVersion = 15.0.27130.2027
MinimumVisualStudioVersion = 10.0.40219.1
Project("{9A19103F-16F7-4668-BE54-9A1E7A4F7556}") = "NanPoc", "NanPoc\NanPoc.csproj", "{8AC74F77-EB1C-4BBD-8D85-57E6FC67E73C}"
EndProject
Project("{FAE04EC0-301F-11D3-BF4B-00C04F79EFBC}") = "NanPoc.Web", "NanPoc.Web\NanPoc.Web.csproj", "{D1B1FD20-EDA8-4224-98B1-A89686B67FA0}"
EndProject
Global
	GlobalSection(SolutionConfigurationPlatforms) = preSolution
		Debug|Any CPU = Debug|Any CPU
		Release|Any CPU = Release|Any CPU
	EndGlobalSection
	GlobalSection(ProjectConfigurationPlatforms) = postSolution
		{8AC74F77-EB1C-4BBD-8D85-57E6FC67E73C}.Debug|Any CPU.ActiveCfg = Debug|Any CPU
		{8AC74F77-EB1C-4BBD-8D85-57E6FC67E73C}.Debug|Any CPU.Build.0 = Debug|Any CPU
		{8AC74F77-EB1C-4BBD-8D85-57E6FC67E73C}.Release|Any CPU.ActiveCfg = Release|Any CPU
		{8AC74F77-EB1C-4BBD-8D85-57E6FC67E73C}.Release|Any CPU.Build.0 = Release|Any CPU
		{D1B1FD20-EDA8-4224-98B1-A89686B67FA0}.Debug|Any CPU.ActiveCfg = Debug|Any CPU
		{D1B1FD20-EDA8-4224-98B1-A89686B67FA0}.Debug|Any CPU.Build.0 = Debug|Any CPU
		{D1B1FD20-EDA8-4224-98B1-A89686B67FA0}.Release|Any CPU.ActiveCfg = Release|Any CPU
		{D1B1FD20-EDA8-4224-98B1-A89686B67FA0}.Release|Any CPU.Build.0 = Release|Any CPU
	EndGlobalSection
	GlobalSection(SolutionProperties) = preSolution
		HideSolutionNode = FALSE
	EndGlobalSection
	GlobalSection(ExtensibilityGlobals) = postSolution
		SolutionGuid = {BAA302EB-DF10-402E-B077-0035C4A0D4A6}
	EndGlobalSection
EndGlobal
